
Microsoft Visual Studio Solution File, Format Version 12.00
# Visual Studio Version 16
VisualStudioVersion = 16.0.31205.134
MinimumVisualStudioVersion = 10.0.40219.1
Project("{00D1A9C2-B5F0-4AF3-8072-F6C62B433612}") = "Sql", "Sql\Sql.sqlproj", "{DA1805F2-0821-499B-8359-CCDFAC650D64}"
EndProject
Global
	GlobalSection(SolutionConfigurationPlatforms) = preSolution
		Debug|Any CPU = Debug|Any CPU
		Release|Any CPU = Release|Any CPU
	EndGlobalSection
	GlobalSection(ProjectConfigurationPlatforms) = postSolution
		{DA1805F2-0821-499B-8359-CCDFAC650D64}.Debug|Any CPU.ActiveCfg = Debug|Any CPU
		{DA1805F2-0821-499B-8359-CCDFAC650D64}.Debug|Any CPU.Build.0 = Debug|Any CPU
		{DA1805F2-0821-499B-8359-CCDFAC650D64}.Debug|Any CPU.Deploy.0 = Debug|Any CPU
		{DA1805F2-0821-499B-8359-CCDFAC650D64}.Release|Any CPU.ActiveCfg = Release|Any CPU
		{DA1805F2-0821-499B-8359-CCDFAC650D64}.Release|Any CPU.Build.0 = Release|Any CPU
		{DA1805F2-0821-499B-8359-CCDFAC650D64}.Release|Any CPU.Deploy.0 = Release|Any CPU
	EndGlobalSection
	GlobalSection(SolutionProperties) = preSolution
		HideSolutionNode = FALSE
	EndGlobalSection
	GlobalSection(ExtensibilityGlobals) = postSolution
		SolutionGuid = {DC813481-0880-40B6-9AC6-B81F7607AED5}
	EndGlobalSection
EndGlobal
